// !$*UTF8*$!
{
	archiveVersion = 1;
	classes = {
	};
	objectVersion = 50;
	objects = {

/* Begin PBXBuildFile section */
		35758C0B2173CB1E005165A8 /* AppDelegate.swift in Sources */ = {isa = PBXBuildFile; fileRef = 35758C0A2173CB1E005165A8 /* AppDelegate.swift */; };
		35758C0D2173CB1E005165A8 /* SampleViewController.swift in Sources */ = {isa = PBXBuildFile; fileRef = 35758C0C2173CB1E005165A8 /* SampleViewController.swift */; };
		35758C102173CB1E005165A8 /* Main.storyboard in Resources */ = {isa = PBXBuildFile; fileRef = 35758C0E2173CB1E005165A8 /* Main.storyboard */; };
		35758C122173CB20005165A8 /* Assets.xcassets in Resources */ = {isa = PBXBuildFile; fileRef = 35758C112173CB20005165A8 /* Assets.xcassets */; };
		35758C152173CB20005165A8 /* LaunchScreen.storyboard in Resources */ = {isa = PBXBuildFile; fileRef = 35758C132173CB20005165A8 /* LaunchScreen.storyboard */; };
		35758C1E2173CB72005165A8 /* dynamic.swift in Sources */ = {isa = PBXBuildFile; fileRef = 35758C1D2173CB72005165A8 /* dynamic.swift */; };
		35758C212173CC69005165A8 /* event.swift in Sources */ = {isa = PBXBuildFile; fileRef = 35758C202173CC69005165A8 /* event.swift */; };
		35758C272173CD1D005165A8 /* UIButton.swift in Sources */ = {isa = PBXBuildFile; fileRef = 35758C222173CD1D005165A8 /* UIButton.swift */; };
		35758C282173CD1D005165A8 /* bind.swift in Sources */ = {isa = PBXBuildFile; fileRef = 35758C232173CD1D005165A8 /* bind.swift */; };
		35758C292173CD1D005165A8 /* UITextField.swift in Sources */ = {isa = PBXBuildFile; fileRef = 35758C242173CD1D005165A8 /* UITextField.swift */; };
		35758C2A2173CD1D005165A8 /* UILabel.swift in Sources */ = {isa = PBXBuildFile; fileRef = 35758C252173CD1D005165A8 /* UILabel.swift */; };
		35758C2B2173CD1D005165A8 /* UISwitch.swift in Sources */ = {isa = PBXBuildFile; fileRef = 35758C262173CD1D005165A8 /* UISwitch.swift */; };
		35758C2D2173CDCF005165A8 /* SampleViewModel.swift in Sources */ = {isa = PBXBuildFile; fileRef = 35758C2C2173CDCF005165A8 /* SampleViewModel.swift */; };
		35758C2F2173DA20005165A8 /* UISlider.swift in Sources */ = {isa = PBXBuildFile; fileRef = 35758C2E2173DA20005165A8 /* UISlider.swift */; };
		35758C312173E2D8005165A8 /* UIProgressView.swift in Sources */ = {isa = PBXBuildFile; fileRef = 35758C302173E2D8005165A8 /* UIProgressView.swift */; };
		35758C3321740320005165A8 /* UIStepper.swift in Sources */ = {isa = PBXBuildFile; fileRef = 35758C3221740320005165A8 /* UIStepper.swift */; };
		35758C3521740C78005165A8 /* UIImageView.swift in Sources */ = {isa = PBXBuildFile; fileRef = 35758C3421740C78005165A8 /* UIImageView.swift */; };
/* End PBXBuildFile section */

/* Begin PBXFileReference section */
		35758C072173CB1E005165A8 /* binding.app */ = {isa = PBXFileReference; explicitFileType = wrapper.application; includeInIndex = 0; path = binding.app; sourceTree = BUILT_PRODUCTS_DIR; };
		35758C0A2173CB1E005165A8 /* AppDelegate.swift */ = {isa = PBXFileReference; lastKnownFileType = sourcecode.swift; path = AppDelegate.swift; sourceTree = "<group>"; };
		35758C0C2173CB1E005165A8 /* SampleViewController.swift */ = {isa = PBXFileReference; lastKnownFileType = sourcecode.swift; path = SampleViewController.swift; sourceTree = "<group>"; };
		35758C0F2173CB1E005165A8 /* Base */ = {isa = PBXFileReference; lastKnownFileType = file.storyboard; name = Base; path = Base.lproj/Main.storyboard; sourceTree = "<group>"; };
		35758C112173CB20005165A8 /* Assets.xcassets */ = {isa = PBXFileReference; lastKnownFileType = folder.assetcatalog; path = Assets.xcassets; sourceTree = "<group>"; };
		35758C142173CB20005165A8 /* Base */ = {isa = PBXFileReference; lastKnownFileType = file.storyboard; name = Base; path = Base.lproj/LaunchScreen.storyboard; sourceTree = "<group>"; };
		35758C162173CB20005165A8 /* Info.plist */ = {isa = PBXFileReference; lastKnownFileType = text.plist.xml; path = Info.plist; sourceTree = "<group>"; };
		35758C1D2173CB72005165A8 /* dynamic.swift */ = {isa = PBXFileReference; lastKnownFileType = sourcecode.swift; path = dynamic.swift; sourceTree = "<group>"; };
		35758C202173CC69005165A8 /* event.swift */ = {isa = PBXFileReference; lastKnownFileType = sourcecode.swift; path = event.swift; sourceTree = "<group>"; };
		35758C222173CD1D005165A8 /* UIButton.swift */ = {isa = PBXFileReference; fileEncoding = 4; lastKnownFileType = sourcecode.swift; path = UIButton.swift; sourceTree = "<group>"; };
		35758C232173CD1D005165A8 /* bind.swift */ = {isa = PBXFileReference; fileEncoding = 4; lastKnownFileType = sourcecode.swift; path = bind.swift; sourceTree = "<group>"; };
		35758C242173CD1D005165A8 /* UITextField.swift */ = {isa = PBXFileReference; fileEncoding = 4; lastKnownFileType = sourcecode.swift; path = UITextField.swift; sourceTree = "<group>"; };
		35758C252173CD1D005165A8 /* UILabel.swift */ = {isa = PBXFileReference; fileEncoding = 4; lastKnownFileType = sourcecode.swift; path = UILabel.swift; sourceTree = "<group>"; };
		35758C262173CD1D005165A8 /* UISwitch.swift */ = {isa = PBXFileReference; fileEncoding = 4; lastKnownFileType = sourcecode.swift; path = UISwitch.swift; sourceTree = "<group>"; };
		35758C2C2173CDCF005165A8 /* SampleViewModel.swift */ = {isa = PBXFileReference; lastKnownFileType = sourcecode.swift; path = SampleViewModel.swift; sourceTree = "<group>"; };
		35758C2E2173DA20005165A8 /* UISlider.swift */ = {isa = PBXFileReference; lastKnownFileType = sourcecode.swift; path = UISlider.swift; sourceTree = "<group>"; };
		35758C302173E2D8005165A8 /* UIProgressView.swift */ = {isa = PBXFileReference; lastKnownFileType = sourcecode.swift; path = UIProgressView.swift; sourceTree = "<group>"; };
		35758C3221740320005165A8 /* UIStepper.swift */ = {isa = PBXFileReference; lastKnownFileType = sourcecode.swift; path = UIStepper.swift; sourceTree = "<group>"; };
		35758C3421740C78005165A8 /* UIImageView.swift */ = {isa = PBXFileReference; lastKnownFileType = sourcecode.swift; path = UIImageView.swift; sourceTree = "<group>"; };
/* End PBXFileReference section */

/* Begin PBXFrameworksBuildPhase section */
		35758C042173CB1E005165A8 /* Frameworks */ = {
			isa = PBXFrameworksBuildPhase;
			buildActionMask = 2147483647;
			files = (
			);
			runOnlyForDeploymentPostprocessing = 0;
		};
/* End PBXFrameworksBuildPhase section */

/* Begin PBXGroup section */
		35758BFE2173CB1E005165A8 = {
			isa = PBXGroup;
			children = (
				35758C092173CB1E005165A8 /* binding */,
				35758C082173CB1E005165A8 /* Products */,
			);
			sourceTree = "<group>";
		};
		35758C082173CB1E005165A8 /* Products */ = {
			isa = PBXGroup;
			children = (
				35758C072173CB1E005165A8 /* binding.app */,
			);
			name = Products;
			sourceTree = "<group>";
		};
		35758C092173CB1E005165A8 /* binding */ = {
			isa = PBXGroup;
			children = (
				35758C1F2173CC4F005165A8 /* core */,
				35758C1C2173CB54005165A8 /* bind */,
				35758C0A2173CB1E005165A8 /* AppDelegate.swift */,
				35758C0C2173CB1E005165A8 /* SampleViewController.swift */,
				35758C0E2173CB1E005165A8 /* Main.storyboard */,
				35758C112173CB20005165A8 /* Assets.xcassets */,
				35758C132173CB20005165A8 /* LaunchScreen.storyboard */,
				35758C162173CB20005165A8 /* Info.plist */,
				35758C2C2173CDCF005165A8 /* SampleViewModel.swift */,
			);
			path = binding;
			sourceTree = "<group>";
		};
		35758C1C2173CB54005165A8 /* bind */ = {
			isa = PBXGroup;
			children = (
				35758C232173CD1D005165A8 /* bind.swift */,
				35758C222173CD1D005165A8 /* UIButton.swift */,
				35758C252173CD1D005165A8 /* UILabel.swift */,
				35758C262173CD1D005165A8 /* UISwitch.swift */,
				35758C242173CD1D005165A8 /* UITextField.swift */,
				35758C2E2173DA20005165A8 /* UISlider.swift */,
				35758C302173E2D8005165A8 /* UIProgressView.swift */,
				35758C3221740320005165A8 /* UIStepper.swift */,
				35758C3421740C78005165A8 /* UIImageView.swift */,
			);
			path = bind;
			sourceTree = "<group>";
		};
		35758C1F2173CC4F005165A8 /* core */ = {
			isa = PBXGroup;
			children = (
				35758C1D2173CB72005165A8 /* dynamic.swift */,
				35758C202173CC69005165A8 /* event.swift */,
			);
			path = core;
			sourceTree = "<group>";
		};
/* End PBXGroup section */

/* Begin PBXNativeTarget section */
		35758C062173CB1E005165A8 /* binding */ = {
			isa = PBXNativeTarget;
			buildConfigurationList = 35758C192173CB20005165A8 /* Build configuration list for PBXNativeTarget "binding" */;
			buildPhases = (
				35758C032173CB1E005165A8 /* Sources */,
				35758C042173CB1E005165A8 /* Frameworks */,
				35758C052173CB1E005165A8 /* Resources */,
			);
			buildRules = (
			);
			dependencies = (
			);
			name = binding;
			productName = binding;
			productReference = 35758C072173CB1E005165A8 /* binding.app */;
			productType = "com.apple.product-type.application";
		};
/* End PBXNativeTarget section */

/* Begin PBXProject section */
		35758BFF2173CB1E005165A8 /* Project object */ = {
			isa = PBXProject;
			attributes = {
				LastSwiftUpdateCheck = 1000;
				LastUpgradeCheck = 1000;
				ORGANIZATIONNAME = "Fabiano Franca de Oliveira";
				TargetAttributes = {
					35758C062173CB1E005165A8 = {
						CreatedOnToolsVersion = 10.0;
					};
				};
			};
			buildConfigurationList = 35758C022173CB1E005165A8 /* Build configuration list for PBXProject "binding" */;
			compatibilityVersion = "Xcode 9.3";
			developmentRegion = en;
			hasScannedForEncodings = 0;
			knownRegions = (
				en,
				Base,
			);
			mainGroup = 35758BFE2173CB1E005165A8;
			productRefGroup = 35758C082173CB1E005165A8 /* Products */;
			projectDirPath = "";
			projectRoot = "";
			targets = (
				35758C062173CB1E005165A8 /* binding */,
			);
		};
/* End PBXProject section */

/* Begin PBXResourcesBuildPhase section */
		35758C052173CB1E005165A8 /* Resources */ = {
			isa = PBXResourcesBuildPhase;
			buildActionMask = 2147483647;
			files = (
				35758C152173CB20005165A8 /* LaunchScreen.storyboard in Resources */,
				35758C122173CB20005165A8 /* Assets.xcassets in Resources */,
				35758C102173CB1E005165A8 /* Main.storyboard in Resources */,
			);
			runOnlyForDeploymentPostprocessing = 0;
		};
/* End PBXResourcesBuildPhase section */

/* Begin PBXSourcesBuildPhase section */
		35758C032173CB1E005165A8 /* Sources */ = {
			isa = PBXSourcesBuildPhase;
			buildActionMask = 2147483647;
			files = (
				35758C2B2173CD1D005165A8 /* UISwitch.swift in Sources */,
				35758C2F2173DA20005165A8 /* UISlider.swift in Sources */,
				35758C272173CD1D005165A8 /* UIButton.swift in Sources */,
				35758C212173CC69005165A8 /* event.swift in Sources */,
				35758C292173CD1D005165A8 /* UITextField.swift in Sources */,
				35758C0D2173CB1E005165A8 /* SampleViewController.swift in Sources */,
				35758C2D2173CDCF005165A8 /* SampleViewModel.swift in Sources */,
				35758C1E2173CB72005165A8 /* dynamic.swift in Sources */,
				35758C282173CD1D005165A8 /* bind.swift in Sources */,
				35758C312173E2D8005165A8 /* UIProgressView.swift in Sources */,
				35758C2A2173CD1D005165A8 /* UILabel.swift in Sources */,
				35758C0B2173CB1E005165A8 /* AppDelegate.swift in Sources */,
				35758C3321740320005165A8 /* UIStepper.swift in Sources */,
				35758C3521740C78005165A8 /* UIImageView.swift in Sources */,
			);
			runOnlyForDeploymentPostprocessing = 0;
		};
/* End PBXSourcesBuildPhase section */

/* Begin PBXVariantGroup section */
		35758C0E2173CB1E005165A8 /* Main.storyboard */ = {
			isa = PBXVariantGroup;
			children = (
				35758C0F2173CB1E005165A8 /* Base */,
			);
			name = Main.storyboard;
			sourceTree = "<group>";
		};
		35758C132173CB20005165A8 /* LaunchScreen.storyboard */ = {
			isa = PBXVariantGroup;
			children = (
				35758C142173CB20005165A8 /* Base */,
			);
			name = LaunchScreen.storyboard;
			sourceTree = "<group>";
		};
/* End PBXVariantGroup section */

/* Begin XCBuildConfiguration section */
		35758C172173CB20005165A8 /* Debug */ = {
			isa = XCBuildConfiguration;
			buildSettings = {
				ALWAYS_SEARCH_USER_PATHS = NO;
				CLANG_ANALYZER_NONNULL = YES;
				CLANG_ANALYZER_NUMBER_OBJECT_CONVERSION = YES_AGGRESSIVE;
				CLANG_CXX_LANGUAGE_STANDARD = "gnu++14";
				CLANG_CXX_LIBRARY = "libc++";
				CLANG_ENABLE_MODULES = YES;
				CLANG_ENABLE_OBJC_ARC = YES;
				CLANG_ENABLE_OBJC_WEAK = YES;
				CLANG_WARN_BLOCK_CAPTURE_AUTORELEASING = YES;
				CLANG_WARN_BOOL_CONVERSION = YES;
				CLANG_WARN_COMMA = YES;
				CLANG_WARN_CONSTANT_CONVERSION = YES;
				CLANG_WARN_DEPRECATED_OBJC_IMPLEMENTATIONS = YES;
				CLANG_WARN_DIRECT_OBJC_ISA_USAGE = YES_ERROR;
				CLANG_WARN_DOCUMENTATION_COMMENTS = YES;
				CLANG_WARN_EMPTY_BODY = YES;
				CLANG_WARN_ENUM_CONVERSION = YES;
				CLANG_WARN_INFINITE_RECURSION = YES;
				CLANG_WARN_INT_CONVERSION = YES;
				CLANG_WARN_NON_LITERAL_NULL_CONVERSION = YES;
				CLANG_WARN_OBJC_IMPLICIT_RETAIN_SELF = YES;
				CLANG_WARN_OBJC_LITERAL_CONVERSION = YES;
				CLANG_WARN_OBJC_ROOT_CLASS = YES_ERROR;
				CLANG_WARN_RANGE_LOOP_ANALYSIS = YES;
				CLANG_WARN_STRICT_PROTOTYPES = YES;
				CLANG_WARN_SUSPICIOUS_MOVE = YES;
				CLANG_WARN_UNGUARDED_AVAILABILITY = YES_AGGRESSIVE;
				CLANG_WARN_UNREACHABLE_CODE = YES;
				CLANG_WARN__DUPLICATE_METHOD_MATCH = YES;
				CODE_SIGN_IDENTITY = "iPhone Developer";
				COPY_PHASE_STRIP = NO;
				DEBUG_INFORMATION_FORMAT = dwarf;
				ENABLE_STRICT_OBJC_MSGSEND = YES;
				ENABLE_TESTABILITY = YES;
				GCC_C_LANGUAGE_STANDARD = gnu11;
				GCC_DYNAMIC_NO_PIC = NO;
				GCC_NO_COMMON_BLOCKS = YES;
				GCC_OPTIMIZATION_LEVEL = 0;
				GCC_PREPROCESSOR_DEFINITIONS = (
					"DEBUG=1",
					"$(inherited)",
				);
				GCC_WARN_64_TO_32_BIT_CONVERSION = YES;
				GCC_WARN_ABOUT_RETURN_TYPE = YES_ERROR;
				GCC_WARN_UNDECLARED_SELECTOR = YES;
				GCC_WARN_UNINITIALIZED_AUTOS = YES_AGGRESSIVE;
				GCC_WARN_UNUSED_FUNCTION = YES;
				GCC_WARN_UNUSED_VARIABLE = YES;
				IPHONEOS_DEPLOYMENT_TARGET = 12.0;
				MTL_ENABLE_DEBUG_INFO = INCLUDE_SOURCE;
				MTL_FAST_MATH = YES;
				ONLY_ACTIVE_ARCH = YES;
				SDKROOT = iphoneos;
				SWIFT_ACTIVE_COMPILATION_CONDITIONS = DEBUG;
				SWIFT_OPTIMIZATION_LEVEL = "-Onone";
			};
			name = Debug;
		};
		35758C182173CB20005165A8 /* Release */ = {
			isa = XCBuildConfiguration;
			buildSettings = {
				ALWAYS_SEARCH_USER_PATHS = NO;
				CLANG_ANALYZER_NONNULL = YES;
				CLANG_ANALYZER_NUMBER_OBJECT_CONVERSION = YES_AGGRESSIVE;
				CLANG_CXX_LANGUAGE_STANDARD = "gnu++14";
				CLANG_CXX_LIBRARY = "libc++";
				CLANG_ENABLE_MODULES = YES;
				CLANG_ENABLE_OBJC_ARC = YES;
				CLANG_ENABLE_OBJC_WEAK = YES;
				CLANG_WARN_BLOCK_CAPTURE_AUTORELEASING = YES;
				CLANG_WARN_BOOL_CONVERSION = YES;
				CLANG_WARN_COMMA = YES;
				CLANG_WARN_CONSTANT_CONVERSION = YES;
				CLANG_WARN_DEPRECATED_OBJC_IMPLEMENTATIONS = YES;
				CLANG_WARN_DIRECT_OBJC_ISA_USAGE = YES_ERROR;
				CLANG_WARN_DOCUMENTATION_COMMENTS = YES;
				CLANG_WARN_EMPTY_BODY = YES;
				CLANG_WARN_ENUM_CONVERSION = YES;
				CLANG_WARN_INFINITE_RECURSION = YES;
				CLANG_WARN_INT_CONVERSION = YES;
				CLANG_WARN_NON_LITERAL_NULL_CONVERSION = YES;
				CLANG_WARN_OBJC_IMPLICIT_RETAIN_SELF = YES;
				CLANG_WARN_OBJC_LITERAL_CONVERSION = YES;
				CLANG_WARN_OBJC_ROOT_CLASS = YES_ERROR;
				CLANG_WARN_RANGE_LOOP_ANALYSIS = YES;
				CLANG_WARN_STRICT_PROTOTYPES = YES;
				CLANG_WARN_SUSPICIOUS_MOVE = YES;
				CLANG_WARN_UNGUARDED_AVAILABILITY = YES_AGGRESSIVE;
				CLANG_WARN_UNREACHABLE_CODE = YES;
				CLANG_WARN__DUPLICATE_METHOD_MATCH = YES;
				CODE_SIGN_IDENTITY = "iPhone Developer";
				COPY_PHASE_STRIP = NO;
				DEBUG_INFORMATION_FORMAT = "dwarf-with-dsym";
				ENABLE_NS_ASSERTIONS = NO;
				ENABLE_STRICT_OBJC_MSGSEND = YES;
				GCC_C_LANGUAGE_STANDARD = gnu11;
				GCC_NO_COMMON_BLOCKS = YES;
				GCC_WARN_64_TO_32_BIT_CONVERSION = YES;
				GCC_WARN_ABOUT_RETURN_TYPE = YES_ERROR;
				GCC_WARN_UNDECLARED_SELECTOR = YES;
				GCC_WARN_UNINITIALIZED_AUTOS = YES_AGGRESSIVE;
				GCC_WARN_UNUSED_FUNCTION = YES;
				GCC_WARN_UNUSED_VARIABLE = YES;
				IPHONEOS_DEPLOYMENT_TARGET = 12.0;
				MTL_ENABLE_DEBUG_INFO = NO;
				MTL_FAST_MATH = YES;
				SDKROOT = iphoneos;
				SWIFT_COMPILATION_MODE = wholemodule;
				SWIFT_OPTIMIZATION_LEVEL = "-O";
				VALIDATE_PRODUCT = YES;
			};
			name = Release;
		};
		35758C1A2173CB20005165A8 /* Debug */ = {
			isa = XCBuildConfiguration;
			buildSettings = {
				ASSETCATALOG_COMPILER_APPICON_NAME = AppIcon;
				CODE_SIGN_STYLE = Automatic;
				INFOPLIST_FILE = binding/Info.plist;
				LD_RUNPATH_SEARCH_PATHS = (
					"$(inherited)",
					"@executable_path/Frameworks",
				);
				PRODUCT_BUNDLE_IDENTIFIER = com.ciandt.binding;
				PRODUCT_NAME = "$(TARGET_NAME)";
				SWIFT_VERSION = 4.2;
				TARGETED_DEVICE_FAMILY = "1,2";
			};
			name = Debug;
		};
		35758C1B2173CB20005165A8 /* Release */ = {
			isa = XCBuildConfiguration;
			buildSettings = {
				ASSETCATALOG_COMPILER_APPICON_NAME = AppIcon;
				CODE_SIGN_STYLE = Automatic;
				INFOPLIST_FILE = binding/Info.plist;
				LD_RUNPATH_SEARCH_PATHS = (
					"$(inherited)",
					"@executable_path/Frameworks",
				);
				PRODUCT_BUNDLE_IDENTIFIER = com.ciandt.binding;
				PRODUCT_NAME = "$(TARGET_NAME)";
				SWIFT_VERSION = 4.2;
				TARGETED_DEVICE_FAMILY = "1,2";
			};
			name = Release;
		};
/* End XCBuildConfiguration section */

/* Begin XCConfigurationList section */
		35758C022173CB1E005165A8 /* Build configuration list for PBXProject "binding" */ = {
			isa = XCConfigurationList;
			buildConfigurations = (
				35758C172173CB20005165A8 /* Debug */,
				35758C182173CB20005165A8 /* Release */,
			);
			defaultConfigurationIsVisible = 0;
			defaultConfigurationName = Release;
		};
		35758C192173CB20005165A8 /* Build configuration list for PBXNativeTarget "binding" */ = {
			isa = XCConfigurationList;
			buildConfigurations = (
				35758C1A2173CB20005165A8 /* Debug */,
				35758C1B2173CB20005165A8 /* Release */,
			);
			defaultConfigurationIsVisible = 0;
			defaultConfigurationName = Release;
		};
/* End XCConfigurationList section */
	};
	rootObject = 35758BFF2173CB1E005165A8 /* Project object */;
}
